
Microsoft Visual Studio Solution File, Format Version 12.00
# Visual Studio Version 17
VisualStudioVersion = 17.10.34928.147
MinimumVisualStudioVersion = 10.0.40219.1
Project("{FAE04EC0-301F-11D3-BF4B-00C04F79EFBC}") = "SchoolManagementWebApp", "SchoolManagementWebApp\SchoolManagementWebApp.csproj", "{D9B0E0F9-11A0-4F83-B110-E9549E2AE6A4}"
EndProject
Global
	GlobalSection(SolutionConfigurationPlatforms) = preSolution
		Debug|Any CPU = Debug|Any CPU
		Release|Any CPU = Release|Any CPU
	EndGlobalSection
	GlobalSection(ProjectConfigurationPlatforms) = postSolution
		{D9B0E0F9-11A0-4F83-B110-E9549E2AE6A4}.Debug|Any CPU.ActiveCfg = Debug|Any CPU
		{D9B0E0F9-11A0-4F83-B110-E9549E2AE6A4}.Debug|Any CPU.Build.0 = Debug|Any CPU
		{D9B0E0F9-11A0-4F83-B110-E9549E2AE6A4}.Release|Any CPU.ActiveCfg = Release|Any CPU
		{D9B0E0F9-11A0-4F83-B110-E9549E2AE6A4}.Release|Any CPU.Build.0 = Release|Any CPU
	EndGlobalSection
	GlobalSection(SolutionProperties) = preSolution
		HideSolutionNode = FALSE
	EndGlobalSection
	GlobalSection(ExtensibilityGlobals) = postSolution
		SolutionGuid = {B75FA5FA-7D59-4FD8-860F-4A17F6ED6FB7}
	EndGlobalSection
EndGlobal
